
Microsoft Visual Studio Solution File, Format Version 12.00
# Visual Studio Version 17
VisualStudioVersion = 17.8.34330.188
MinimumVisualStudioVersion = 10.0.40219.1
Project("{9A19103F-16F7-4668-BE54-9A1E7A4F7556}") = "ConsoleApp", "ConsoleApp\ConsoleApp.csproj", "{56DAD276-00F5-4874-9624-01FE6DED45A8}"
EndProject
Project("{FAE04EC0-301F-11D3-BF4B-00C04F79EFBC}") = "Sop.Core", "Sop.Core\Sop.Core.csproj", "{E1B48F29-2A0D-4301-9CFC-3E554CAAADF6}"
EndProject
Global
	GlobalSection(SolutionConfigurationPlatforms) = preSolution
		Debug|Any CPU = Debug|Any CPU
		Release|Any CPU = Release|Any CPU
	EndGlobalSection
	GlobalSection(ProjectConfigurationPlatforms) = postSolution
		{56DAD276-00F5-4874-9624-01FE6DED45A8}.Debug|Any CPU.ActiveCfg = Debug|Any CPU
		{56DAD276-00F5-4874-9624-01FE6DED45A8}.Debug|Any CPU.Build.0 = Debug|Any CPU
		{56DAD276-00F5-4874-9624-01FE6DED45A8}.Release|Any CPU.ActiveCfg = Release|Any CPU
		{56DAD276-00F5-4874-9624-01FE6DED45A8}.Release|Any CPU.Build.0 = Release|Any CPU
		{E1B48F29-2A0D-4301-9CFC-3E554CAAADF6}.Debug|Any CPU.ActiveCfg = Debug|Any CPU
		{E1B48F29-2A0D-4301-9CFC-3E554CAAADF6}.Debug|Any CPU.Build.0 = Debug|Any CPU
		{E1B48F29-2A0D-4301-9CFC-3E554CAAADF6}.Release|Any CPU.ActiveCfg = Release|Any CPU
		{E1B48F29-2A0D-4301-9CFC-3E554CAAADF6}.Release|Any CPU.Build.0 = Release|Any CPU
	EndGlobalSection
	GlobalSection(SolutionProperties) = preSolution
		HideSolutionNode = FALSE
	EndGlobalSection
EndGlobal
