
Microsoft Visual Studio Solution File, Format Version 12.00
# Visual Studio 15
VisualStudioVersion = 15.0.27703.2026
MinimumVisualStudioVersion = 10.0.40219.1
Project("{9A19103F-16F7-4668-BE54-9A1E7A4F7556}") = "Sop.FileUpload", "Sop.FileUpload\Sop.FileUpload.csproj", "{68DA85D5-05E8-42ED-BBAA-3348CF6169CE}"
EndProject
Global
	GlobalSection(SolutionConfigurationPlatforms) = preSolution
		Debug|Any CPU = Debug|Any CPU
		Release|Any CPU = Release|Any CPU
	EndGlobalSection
	GlobalSection(ProjectConfigurationPlatforms) = postSolution
		{68DA85D5-05E8-42ED-BBAA-3348CF6169CE}.Debug|Any CPU.ActiveCfg = Debug|Any CPU
		{68DA85D5-05E8-42ED-BBAA-3348CF6169CE}.Debug|Any CPU.Build.0 = Debug|Any CPU
		{68DA85D5-05E8-42ED-BBAA-3348CF6169CE}.Release|Any CPU.ActiveCfg = Release|Any CPU
		{68DA85D5-05E8-42ED-BBAA-3348CF6169CE}.Release|Any CPU.Build.0 = Release|Any CPU
	EndGlobalSection
	GlobalSection(SolutionProperties) = preSolution
		HideSolutionNode = FALSE
	EndGlobalSection
	GlobalSection(ExtensibilityGlobals) = postSolution
		SolutionGuid = {C36005FD-A283-40EB-B500-35AA7C376872}
	EndGlobalSection
EndGlobal
