
Microsoft Visual Studio Solution File, Format Version 12.00
# Visual Studio 15
VisualStudioVersion = 15.0.27004.2010
MinimumVisualStudioVersion = 10.0.40219.1
Project("{FAE04EC0-301F-11D3-BF4B-00C04F79EFBC}") = "ItemDoc.Web", "ItemDoc.Web\ItemDoc.Web.csproj", "{89C443C1-CD5F-4910-960C-7950D8569FCC}"
EndProject
Project("{FAE04EC0-301F-11D3-BF4B-00C04F79EFBC}") = "ItemDoc.Framework", "ItemDoc.Framework\ItemDoc.Framework.csproj", "{D3254F9B-243F-46F7-A96E-ABE731089342}"
EndProject
Project("{FAE04EC0-301F-11D3-BF4B-00C04F79EFBC}") = "ItemDoc.Services", "ItemDoc.Services\ItemDoc.Services.csproj", "{2AAC99B5-8252-4018-AE1C-4681BB82E90E}"
EndProject
Project("{FAE04EC0-301F-11D3-BF4B-00C04F79EFBC}") = "ItemDoc.Core", "itemDoc.Core\ItemDoc.Core.csproj", "{AEDC4774-0284-4C98-ACF8-5284BBC8BDE0}"
EndProject
Project("{2150E333-8FDC-42A3-9474-1A3956D46DE8}") = "Tests", "Tests", "{7456DBAA-063F-409D-8654-386BA16FDDAE}"
EndProject
Project("{2150E333-8FDC-42A3-9474-1A3956D46DE8}") = "ItemDoc.Plugin", "ItemDoc.Plugin", "{D2E27EAD-6BFA-4795-9932-9B8FDF468DD8}"
EndProject
Project("{FAE04EC0-301F-11D3-BF4B-00C04F79EFBC}") = "ItemDoc.Upload", "ItemDoc.Plugin\ItemDoc.Upload\ItemDoc.Upload.csproj", "{6472C66A-843B-4C71-85C8-BB2586736536}"
EndProject
Project("{FAE04EC0-301F-11D3-BF4B-00C04F79EFBC}") = "ItemDoc.Framework.Test", "Tests\ItemDoc.Framework.Test\ItemDoc.Framework.Test.csproj", "{B369D45A-7459-4A90-BC29-F926AB24747B}"
EndProject
Project("{FAE04EC0-301F-11D3-BF4B-00C04F79EFBC}") = "Microsoft.Owin.Security.QQ", "ItemDoc.Plugin\Microsoft.Owin.Security.QQ\Microsoft.Owin.Security.QQ.csproj", "{3839EE9C-F0C8-471A-8F81-DE9B9E24AAF0}"
EndProject
Project("{FAE04EC0-301F-11D3-BF4B-00C04F79EFBC}") = "Microsoft.Owin.Security.Weixin", "ItemDoc.Plugin\Microsoft.Owin.Security.Weixin\Microsoft.Owin.Security.Weixin.csproj", "{3F97AD7C-9295-45B8-8FBA-E2B5D83BCFBF}"
EndProject
Global
	GlobalSection(SolutionConfigurationPlatforms) = preSolution
		Debug|Any CPU = Debug|Any CPU
		Release|Any CPU = Release|Any CPU
	EndGlobalSection
	GlobalSection(ProjectConfigurationPlatforms) = postSolution
		{89C443C1-CD5F-4910-960C-7950D8569FCC}.Debug|Any CPU.ActiveCfg = Debug|Any CPU
		{89C443C1-CD5F-4910-960C-7950D8569FCC}.Debug|Any CPU.Build.0 = Debug|Any CPU
		{89C443C1-CD5F-4910-960C-7950D8569FCC}.Release|Any CPU.ActiveCfg = Release|Any CPU
		{89C443C1-CD5F-4910-960C-7950D8569FCC}.Release|Any CPU.Build.0 = Release|Any CPU
		{D3254F9B-243F-46F7-A96E-ABE731089342}.Debug|Any CPU.ActiveCfg = Debug|Any CPU
		{D3254F9B-243F-46F7-A96E-ABE731089342}.Debug|Any CPU.Build.0 = Debug|Any CPU
		{D3254F9B-243F-46F7-A96E-ABE731089342}.Release|Any CPU.ActiveCfg = Release|Any CPU
		{D3254F9B-243F-46F7-A96E-ABE731089342}.Release|Any CPU.Build.0 = Release|Any CPU
		{2AAC99B5-8252-4018-AE1C-4681BB82E90E}.Debug|Any CPU.ActiveCfg = Debug|Any CPU
		{2AAC99B5-8252-4018-AE1C-4681BB82E90E}.Debug|Any CPU.Build.0 = Debug|Any CPU
		{2AAC99B5-8252-4018-AE1C-4681BB82E90E}.Release|Any CPU.ActiveCfg = Release|Any CPU
		{2AAC99B5-8252-4018-AE1C-4681BB82E90E}.Release|Any CPU.Build.0 = Release|Any CPU
		{AEDC4774-0284-4C98-ACF8-5284BBC8BDE0}.Debug|Any CPU.ActiveCfg = Debug|Any CPU
		{AEDC4774-0284-4C98-ACF8-5284BBC8BDE0}.Debug|Any CPU.Build.0 = Debug|Any CPU
		{AEDC4774-0284-4C98-ACF8-5284BBC8BDE0}.Release|Any CPU.ActiveCfg = Release|Any CPU
		{AEDC4774-0284-4C98-ACF8-5284BBC8BDE0}.Release|Any CPU.Build.0 = Release|Any CPU
		{6472C66A-843B-4C71-85C8-BB2586736536}.Debug|Any CPU.ActiveCfg = Debug|Any CPU
		{6472C66A-843B-4C71-85C8-BB2586736536}.Debug|Any CPU.Build.0 = Debug|Any CPU
		{6472C66A-843B-4C71-85C8-BB2586736536}.Release|Any CPU.ActiveCfg = Release|Any CPU
		{6472C66A-843B-4C71-85C8-BB2586736536}.Release|Any CPU.Build.0 = Release|Any CPU
		{B369D45A-7459-4A90-BC29-F926AB24747B}.Debug|Any CPU.ActiveCfg = Debug|Any CPU
		{B369D45A-7459-4A90-BC29-F926AB24747B}.Debug|Any CPU.Build.0 = Debug|Any CPU
		{B369D45A-7459-4A90-BC29-F926AB24747B}.Release|Any CPU.ActiveCfg = Release|Any CPU
		{B369D45A-7459-4A90-BC29-F926AB24747B}.Release|Any CPU.Build.0 = Release|Any CPU
		{3839EE9C-F0C8-471A-8F81-DE9B9E24AAF0}.Debug|Any CPU.ActiveCfg = Debug|Any CPU
		{3839EE9C-F0C8-471A-8F81-DE9B9E24AAF0}.Debug|Any CPU.Build.0 = Debug|Any CPU
		{3839EE9C-F0C8-471A-8F81-DE9B9E24AAF0}.Release|Any CPU.ActiveCfg = Release|Any CPU
		{3839EE9C-F0C8-471A-8F81-DE9B9E24AAF0}.Release|Any CPU.Build.0 = Release|Any CPU
		{3F97AD7C-9295-45B8-8FBA-E2B5D83BCFBF}.Debug|Any CPU.ActiveCfg = Debug|Any CPU
		{3F97AD7C-9295-45B8-8FBA-E2B5D83BCFBF}.Debug|Any CPU.Build.0 = Debug|Any CPU
		{3F97AD7C-9295-45B8-8FBA-E2B5D83BCFBF}.Release|Any CPU.ActiveCfg = Release|Any CPU
		{3F97AD7C-9295-45B8-8FBA-E2B5D83BCFBF}.Release|Any CPU.Build.0 = Release|Any CPU
	EndGlobalSection
	GlobalSection(SolutionProperties) = preSolution
		HideSolutionNode = FALSE
	EndGlobalSection
	GlobalSection(NestedProjects) = preSolution
		{6472C66A-843B-4C71-85C8-BB2586736536} = {D2E27EAD-6BFA-4795-9932-9B8FDF468DD8}
		{B369D45A-7459-4A90-BC29-F926AB24747B} = {7456DBAA-063F-409D-8654-386BA16FDDAE}
		{3839EE9C-F0C8-471A-8F81-DE9B9E24AAF0} = {D2E27EAD-6BFA-4795-9932-9B8FDF468DD8}
		{3F97AD7C-9295-45B8-8FBA-E2B5D83BCFBF} = {D2E27EAD-6BFA-4795-9932-9B8FDF468DD8}
	EndGlobalSection
	GlobalSection(ExtensibilityGlobals) = postSolution
		SolutionGuid = {A4FF1360-9F06-47F2-9E7B-F1114AF8A400}
	EndGlobalSection
EndGlobal
