
Microsoft Visual Studio Solution File, Format Version 12.00
# Visual Studio 15
VisualStudioVersion = 15.0.27130.2020
MinimumVisualStudioVersion = 10.0.40219.1
Project("{FAE04EC0-301F-11D3-BF4B-00C04F79EFBC}") = "Sop.Common.File", "ThirdParty\.Net-Common-Utility\Sop.Common.File\Sop.Common.File.csproj", "{B3F5592B-62AA-45C1-9EC0-9F3A70E5AEBD}"
EndProject
Project("{9A19103F-16F7-4668-BE54-9A1E7A4F7556}") = "Sop.Common.Serialization", "ThirdParty\.Net-Common-Utility\Sop.Common.Serialization\Sop.Common.Serialization.csproj", "{8E807449-E634-4971-8990-E63DB141ECB8}"
EndProject
Project("{2150E333-8FDC-42A3-9474-1A3956D46DE8}") = "Tests", "Tests", "{8B9AA686-51BD-40BD-96C3-F34205F0D8BA}"
EndProject
Project("{FAE04EC0-301F-11D3-BF4B-00C04F79EFBC}") = "Sop.Common.Tests", "ThirdParty\.Net-Common-Utility\Tests\Sop.Common.Tests\Sop.Common.Tests.csproj", "{89007BBA-CCCB-4A87-BDF5-DA27770EAC98}"
EndProject
Project("{9A19103F-16F7-4668-BE54-9A1E7A4F7556}") = "Sop.Common", "ThirdParty\.Net-Common-Utility\Sop.Common\Sop.Common.csproj", "{10B7EFD2-B72C-4EB4-890E-514A4EAED829}"
EndProject
Project("{9A19103F-16F7-4668-BE54-9A1E7A4F7556}") = "Sop.Common.Img", "ThirdParty\.Net-Common-Utility\Sop.Common.Img\Sop.Common.Img.csproj", "{6D9C4669-CA00-4838-B190-35F4CC01C7B6}"
EndProject
Project("{9A19103F-16F7-4668-BE54-9A1E7A4F7556}") = "Sop.Common.Charts", "ThirdParty\.Net-Common-Utility\Sop.Common.Charts\Sop.Common.Charts.csproj", "{D9596503-48CC-4257-BE62-82D6D1577383}"
EndProject
Project("{FAE04EC0-301F-11D3-BF4B-00C04F79EFBC}") = "Sop.Common.Quartz", "ThirdParty\.Net-Common-Utility\Sop.Common.Quartz\Sop.Common.Quartz.csproj", "{E959A653-0BE4-474C-BAF4-25D24DF3F46B}"
EndProject
Project("{9A19103F-16F7-4668-BE54-9A1E7A4F7556}") = "Sop.Common.Helper.Tests", "ThirdParty\.Net-Common-Utility\Tests\Sop.Common.Helper.Tests\Sop.Common.Helper.Tests.csproj", "{D2BBABE5-D6EF-45B7-B486-C1F7B56624CD}"
EndProject
Project("{FAE04EC0-301F-11D3-BF4B-00C04F79EFBC}") = "Sop.Common.Img.Tests", "ThirdParty\.Net-Common-Utility\Tests\Sop.Common.Img.Tests\Sop.Common.Img.Tests.csproj", "{03E7850A-52B2-45D2-8B59-A8ACD61A99B1}"
EndProject
Global
	GlobalSection(SolutionConfigurationPlatforms) = preSolution
		Debug|Any CPU = Debug|Any CPU
		Release|Any CPU = Release|Any CPU
	EndGlobalSection
	GlobalSection(ProjectConfigurationPlatforms) = postSolution
		{B3F5592B-62AA-45C1-9EC0-9F3A70E5AEBD}.Debug|Any CPU.ActiveCfg = Debug|Any CPU
		{B3F5592B-62AA-45C1-9EC0-9F3A70E5AEBD}.Debug|Any CPU.Build.0 = Debug|Any CPU
		{B3F5592B-62AA-45C1-9EC0-9F3A70E5AEBD}.Release|Any CPU.ActiveCfg = Release|Any CPU
		{B3F5592B-62AA-45C1-9EC0-9F3A70E5AEBD}.Release|Any CPU.Build.0 = Release|Any CPU
		{8E807449-E634-4971-8990-E63DB141ECB8}.Debug|Any CPU.ActiveCfg = Debug|Any CPU
		{8E807449-E634-4971-8990-E63DB141ECB8}.Debug|Any CPU.Build.0 = Debug|Any CPU
		{8E807449-E634-4971-8990-E63DB141ECB8}.Release|Any CPU.ActiveCfg = Release|Any CPU
		{8E807449-E634-4971-8990-E63DB141ECB8}.Release|Any CPU.Build.0 = Release|Any CPU
		{89007BBA-CCCB-4A87-BDF5-DA27770EAC98}.Debug|Any CPU.ActiveCfg = Debug|Any CPU
		{89007BBA-CCCB-4A87-BDF5-DA27770EAC98}.Debug|Any CPU.Build.0 = Debug|Any CPU
		{89007BBA-CCCB-4A87-BDF5-DA27770EAC98}.Release|Any CPU.ActiveCfg = Release|Any CPU
		{89007BBA-CCCB-4A87-BDF5-DA27770EAC98}.Release|Any CPU.Build.0 = Release|Any CPU
		{10B7EFD2-B72C-4EB4-890E-514A4EAED829}.Debug|Any CPU.ActiveCfg = Debug|Any CPU
		{10B7EFD2-B72C-4EB4-890E-514A4EAED829}.Debug|Any CPU.Build.0 = Debug|Any CPU
		{10B7EFD2-B72C-4EB4-890E-514A4EAED829}.Release|Any CPU.ActiveCfg = Release|Any CPU
		{10B7EFD2-B72C-4EB4-890E-514A4EAED829}.Release|Any CPU.Build.0 = Release|Any CPU
		{6D9C4669-CA00-4838-B190-35F4CC01C7B6}.Debug|Any CPU.ActiveCfg = Debug|Any CPU
		{6D9C4669-CA00-4838-B190-35F4CC01C7B6}.Debug|Any CPU.Build.0 = Debug|Any CPU
		{6D9C4669-CA00-4838-B190-35F4CC01C7B6}.Release|Any CPU.ActiveCfg = Release|Any CPU
		{6D9C4669-CA00-4838-B190-35F4CC01C7B6}.Release|Any CPU.Build.0 = Release|Any CPU
		{D9596503-48CC-4257-BE62-82D6D1577383}.Debug|Any CPU.ActiveCfg = Debug|Any CPU
		{D9596503-48CC-4257-BE62-82D6D1577383}.Debug|Any CPU.Build.0 = Debug|Any CPU
		{D9596503-48CC-4257-BE62-82D6D1577383}.Release|Any CPU.ActiveCfg = Release|Any CPU
		{D9596503-48CC-4257-BE62-82D6D1577383}.Release|Any CPU.Build.0 = Release|Any CPU
		{E959A653-0BE4-474C-BAF4-25D24DF3F46B}.Debug|Any CPU.ActiveCfg = Debug|Any CPU
		{E959A653-0BE4-474C-BAF4-25D24DF3F46B}.Debug|Any CPU.Build.0 = Debug|Any CPU
		{E959A653-0BE4-474C-BAF4-25D24DF3F46B}.Release|Any CPU.ActiveCfg = Release|Any CPU
		{E959A653-0BE4-474C-BAF4-25D24DF3F46B}.Release|Any CPU.Build.0 = Release|Any CPU
		{D2BBABE5-D6EF-45B7-B486-C1F7B56624CD}.Debug|Any CPU.ActiveCfg = Debug|Any CPU
		{D2BBABE5-D6EF-45B7-B486-C1F7B56624CD}.Debug|Any CPU.Build.0 = Debug|Any CPU
		{D2BBABE5-D6EF-45B7-B486-C1F7B56624CD}.Release|Any CPU.ActiveCfg = Release|Any CPU
		{D2BBABE5-D6EF-45B7-B486-C1F7B56624CD}.Release|Any CPU.Build.0 = Release|Any CPU
		{03E7850A-52B2-45D2-8B59-A8ACD61A99B1}.Debug|Any CPU.ActiveCfg = Debug|Any CPU
		{03E7850A-52B2-45D2-8B59-A8ACD61A99B1}.Debug|Any CPU.Build.0 = Debug|Any CPU
		{03E7850A-52B2-45D2-8B59-A8ACD61A99B1}.Release|Any CPU.ActiveCfg = Release|Any CPU
		{03E7850A-52B2-45D2-8B59-A8ACD61A99B1}.Release|Any CPU.Build.0 = Release|Any CPU
	EndGlobalSection
	GlobalSection(SolutionProperties) = preSolution
		HideSolutionNode = FALSE
	EndGlobalSection
	GlobalSection(NestedProjects) = preSolution
		{89007BBA-CCCB-4A87-BDF5-DA27770EAC98} = {8B9AA686-51BD-40BD-96C3-F34205F0D8BA}
		{D2BBABE5-D6EF-45B7-B486-C1F7B56624CD} = {8B9AA686-51BD-40BD-96C3-F34205F0D8BA}
		{03E7850A-52B2-45D2-8B59-A8ACD61A99B1} = {8B9AA686-51BD-40BD-96C3-F34205F0D8BA}
	EndGlobalSection
	GlobalSection(ExtensibilityGlobals) = postSolution
		SolutionGuid = {6A6B9FB4-FC38-453E-9798-4857FA1FB8A4}
	EndGlobalSection
EndGlobal
