
Microsoft Visual Studio Solution File, Format Version 12.00
# Visual Studio 15
VisualStudioVersion = 15.0.27703.2026
MinimumVisualStudioVersion = 10.0.40219.1
Project("{2150E333-8FDC-42A3-9474-1A3956D46DE8}") = "ThirdParty", "ThirdParty", "{AE67689A-1769-420E-8C70-E3770180B45B}"
EndProject
Project("{FAE04EC0-301F-11D3-BF4B-00C04F79EFBC}") = "NHibernate.Cache.DynamicCacheBuster", "ThirdParty\NHibernate.Cache.DynamicCacheBuster\NHibernate.Cache.DynamicCacheBuster.csproj", "{32F38F68-5622-4984-9B13-D7C1A1FA2222}"
EndProject
Project("{FAE04EC0-301F-11D3-BF4B-00C04F79EFBC}") = "NHibernate.Caches.Redis", "ThirdParty\NHibernate.Caches.Redis\NHibernate.Caches.Redis.csproj", "{1B50164C-DB00-4109-A0D4-E2868ABFEDAF}"
EndProject
Project("{2150E333-8FDC-42A3-9474-1A3956D46DE8}") = "Plugin", "Plugin", "{37E7B4DE-1D60-4F21-9D3E-311FEEEC9355}"
EndProject
Project("{FAE04EC0-301F-11D3-BF4B-00C04F79EFBC}") = "Microsoft.Owin.Security.Weixin", "ThirdParty\Microsoft.Owin.Security.Weixin\Microsoft.Owin.Security.Weixin.csproj", "{3F97AD7C-9295-45B8-8FBA-E2B5D83BCFBF}"
EndProject
Project("{FAE04EC0-301F-11D3-BF4B-00C04F79EFBC}") = "Microsoft.Owin.Security.QQ", "ThirdParty\Microsoft.Owin.Security.QQ\Microsoft.Owin.Security.QQ.csproj", "{3839EE9C-F0C8-471A-8F81-DE9B9E24AAF0}"
EndProject
Project("{FAE04EC0-301F-11D3-BF4B-00C04F79EFBC}") = "Microsoft.Owin.Security.Github", "ThirdParty\Microsoft.Owin.Security.Github\Microsoft.Owin.Security.Github.csproj", "{7EF640E7-7E31-4387-ACBE-C914C5FFBC04}"
EndProject
Project("{FAE04EC0-301F-11D3-BF4B-00C04F79EFBC}") = "Aliyun.OSS", "ThirdParty\Aliyun.OSS\Aliyun.OSS.csproj", "{67BDC800-084C-4F84-8A80-661B5AFE499A}"
EndProject
Project("{FAE04EC0-301F-11D3-BF4B-00C04F79EFBC}") = "Sop.Framework", "Sop.Framework\Sop.Framework.csproj", "{7B4FF94A-7018-42E5-ADBE-277E9B39ED5B}"
EndProject
Project("{FAE04EC0-301F-11D3-BF4B-00C04F79EFBC}") = "Sop.Services", "Sop.Services\Sop.Services.csproj", "{5245EDD5-6A59-4C6B-B501-F7525A137C53}"
EndProject
Project("{FAE04EC0-301F-11D3-BF4B-00C04F79EFBC}") = "Web", "Web\Web.csproj", "{67524C99-D044-4DD3-ABDC-6F94DB5E984A}"
EndProject
Project("{2150E333-8FDC-42A3-9474-1A3956D46DE8}") = "Tests", "Tests", "{095D6F48-B623-4ED1-B69D-F7E6433E0AF3}"
EndProject
Project("{FAE04EC0-301F-11D3-BF4B-00C04F79EFBC}") = "Sop.Core.Tests", "Tests\Sop.Core.Tests\Sop.Core.Tests.csproj", "{8E93C4D5-2E2A-49D2-BBF3-726BEA995382}"
EndProject
Project("{9A19103F-16F7-4668-BE54-9A1E7A4F7556}") = "Sop.Common.Helper.Tests", "Tests\Sop.Common.Helper.Tests\Sop.Common.Helper.Tests.csproj", "{E2943FCD-A4EB-4B35-84AB-D4282AC50F41}"
EndProject
Project("{FAE04EC0-301F-11D3-BF4B-00C04F79EFBC}") = "Sop.Core", "Sop.Core\Sop.Core.csproj", "{7EBFF26D-37D6-4B34-BB44-BDC273768F9C}"
EndProject
Project("{FAE04EC0-301F-11D3-BF4B-00C04F79EFBC}") = "Microsoft.Owin.Security.SinaWeibo", "ThirdParty\Microsoft.Owin.Security.SinaWeibo\Microsoft.Owin.Security.SinaWeibo.csproj", "{30434807-F5A6-4614-837D-E04287EBB0E6}"
EndProject
Project("{9A19103F-16F7-4668-BE54-9A1E7A4F7556}") = "Sop.Tools", "Plugin\Sop.Tools\Sop.Tools.csproj", "{0FEA8272-B94A-4DC7-8463-E14555543393}"
EndProject
Project("{9A19103F-16F7-4668-BE54-9A1E7A4F7556}") = "Sop.FileUpload", "Plugin\Sop.FileUpload\Sop.FileUpload.csproj", "{8D8F52C9-1685-49FE-B9A9-C4ACC50FC03B}"
EndProject
Project("{FAE04EC0-301F-11D3-BF4B-00C04F79EFBC}") = "Sop.FileServer", "Plugin\Sop.FileServer\Sop.FileServer.csproj", "{76A0657B-71CC-43D6-9AFB-82D01F3540B3}"
EndProject
Project("{2150E333-8FDC-42A3-9474-1A3956D46DE8}") = "Libraries", "Libraries", "{E7988271-CF20-4894-954F-0A2B21F5D6A4}"
EndProject
Project("{9A19103F-16F7-4668-BE54-9A1E7A4F7556}") = "Sop.Services", "Libraries\Sop.Services\Sop.Services.csproj", "{B3627169-66A6-460B-896F-07C0971FECC7}"
EndProject
Project("{9A19103F-16F7-4668-BE54-9A1E7A4F7556}") = "Sop.Data", "Libraries\Sop.Data\Sop.Data.csproj", "{16C6572D-8A0C-4654-B846-8D45870A60C2}"
EndProject
Project("{9A19103F-16F7-4668-BE54-9A1E7A4F7556}") = "Sop.Core", "Libraries\Sop.Core\Sop.Core.csproj", "{B0F2272B-88A9-4585-A87C-E729DE76AF47}"
EndProject
Project("{2150E333-8FDC-42A3-9474-1A3956D46DE8}") = ".Net-Common-Utility", ".Net-Common-Utility", "{67572BDE-4B1C-4540-BAB4-332658449397}"
EndProject
Project("{9A19103F-16F7-4668-BE54-9A1E7A4F7556}") = "Sop.Common", "ThirdParty\.Net-Common-Utility\Sop.Common\Sop.Common.csproj", "{76525BFF-55B4-4FA0-8607-C110F0C401F8}"
EndProject
Project("{9A19103F-16F7-4668-BE54-9A1E7A4F7556}") = "Sop.Common.Charts", "ThirdParty\.Net-Common-Utility\Sop.Common.Charts\Sop.Common.Charts.csproj", "{D8AE61E1-AF68-4373-A165-32A5E3500F15}"
EndProject
Project("{9A19103F-16F7-4668-BE54-9A1E7A4F7556}") = "Sop.Common.Img", "ThirdParty\.Net-Common-Utility\Sop.Common.Img\Sop.Common.Img.csproj", "{1D35D0F3-FC27-4F16-A6BF-CA72826FC492}"
EndProject
Project("{9A19103F-16F7-4668-BE54-9A1E7A4F7556}") = "Sop.Common.Helper", "ThirdParty\.Net-Common-Utility\Sop.Common.Helper\Sop.Common.Helper.csproj", "{F548F554-6D94-415E-BE7A-E81234EB1241}"
EndProject
Project("{9A19103F-16F7-4668-BE54-9A1E7A4F7556}") = "Sop.Common.Serialization", "ThirdParty\.Net-Common-Utility\Sop.Common.Serialization\Sop.Common.Serialization.csproj", "{A6BDBADE-F910-48B6-96DA-BD3FB3335555}"
EndProject
Global
	GlobalSection(SolutionConfigurationPlatforms) = preSolution
		Debug|Any CPU = Debug|Any CPU
		Release|Any CPU = Release|Any CPU
	EndGlobalSection
	GlobalSection(ProjectConfigurationPlatforms) = postSolution
		{32F38F68-5622-4984-9B13-D7C1A1FA2222}.Debug|Any CPU.ActiveCfg = Debug|Any CPU
		{32F38F68-5622-4984-9B13-D7C1A1FA2222}.Debug|Any CPU.Build.0 = Debug|Any CPU
		{32F38F68-5622-4984-9B13-D7C1A1FA2222}.Release|Any CPU.ActiveCfg = Release|Any CPU
		{32F38F68-5622-4984-9B13-D7C1A1FA2222}.Release|Any CPU.Build.0 = Release|Any CPU
		{1B50164C-DB00-4109-A0D4-E2868ABFEDAF}.Debug|Any CPU.ActiveCfg = Debug|Any CPU
		{1B50164C-DB00-4109-A0D4-E2868ABFEDAF}.Debug|Any CPU.Build.0 = Debug|Any CPU
		{1B50164C-DB00-4109-A0D4-E2868ABFEDAF}.Release|Any CPU.ActiveCfg = Release|Any CPU
		{1B50164C-DB00-4109-A0D4-E2868ABFEDAF}.Release|Any CPU.Build.0 = Release|Any CPU
		{3F97AD7C-9295-45B8-8FBA-E2B5D83BCFBF}.Debug|Any CPU.ActiveCfg = Debug|Any CPU
		{3F97AD7C-9295-45B8-8FBA-E2B5D83BCFBF}.Debug|Any CPU.Build.0 = Debug|Any CPU
		{3F97AD7C-9295-45B8-8FBA-E2B5D83BCFBF}.Release|Any CPU.ActiveCfg = Release|Any CPU
		{3F97AD7C-9295-45B8-8FBA-E2B5D83BCFBF}.Release|Any CPU.Build.0 = Release|Any CPU
		{3839EE9C-F0C8-471A-8F81-DE9B9E24AAF0}.Debug|Any CPU.ActiveCfg = Debug|Any CPU
		{3839EE9C-F0C8-471A-8F81-DE9B9E24AAF0}.Debug|Any CPU.Build.0 = Debug|Any CPU
		{3839EE9C-F0C8-471A-8F81-DE9B9E24AAF0}.Release|Any CPU.ActiveCfg = Release|Any CPU
		{3839EE9C-F0C8-471A-8F81-DE9B9E24AAF0}.Release|Any CPU.Build.0 = Release|Any CPU
		{7EF640E7-7E31-4387-ACBE-C914C5FFBC04}.Debug|Any CPU.ActiveCfg = Debug|Any CPU
		{7EF640E7-7E31-4387-ACBE-C914C5FFBC04}.Debug|Any CPU.Build.0 = Debug|Any CPU
		{7EF640E7-7E31-4387-ACBE-C914C5FFBC04}.Release|Any CPU.ActiveCfg = Release|Any CPU
		{7EF640E7-7E31-4387-ACBE-C914C5FFBC04}.Release|Any CPU.Build.0 = Release|Any CPU
		{67BDC800-084C-4F84-8A80-661B5AFE499A}.Debug|Any CPU.ActiveCfg = Debug|Any CPU
		{67BDC800-084C-4F84-8A80-661B5AFE499A}.Debug|Any CPU.Build.0 = Debug|Any CPU
		{67BDC800-084C-4F84-8A80-661B5AFE499A}.Release|Any CPU.ActiveCfg = Release|Any CPU
		{67BDC800-084C-4F84-8A80-661B5AFE499A}.Release|Any CPU.Build.0 = Release|Any CPU
		{7B4FF94A-7018-42E5-ADBE-277E9B39ED5B}.Debug|Any CPU.ActiveCfg = Debug|Any CPU
		{7B4FF94A-7018-42E5-ADBE-277E9B39ED5B}.Debug|Any CPU.Build.0 = Debug|Any CPU
		{7B4FF94A-7018-42E5-ADBE-277E9B39ED5B}.Release|Any CPU.ActiveCfg = Release|Any CPU
		{7B4FF94A-7018-42E5-ADBE-277E9B39ED5B}.Release|Any CPU.Build.0 = Release|Any CPU
		{5245EDD5-6A59-4C6B-B501-F7525A137C53}.Debug|Any CPU.ActiveCfg = Debug|Any CPU
		{5245EDD5-6A59-4C6B-B501-F7525A137C53}.Debug|Any CPU.Build.0 = Debug|Any CPU
		{5245EDD5-6A59-4C6B-B501-F7525A137C53}.Release|Any CPU.ActiveCfg = Release|Any CPU
		{5245EDD5-6A59-4C6B-B501-F7525A137C53}.Release|Any CPU.Build.0 = Release|Any CPU
		{67524C99-D044-4DD3-ABDC-6F94DB5E984A}.Debug|Any CPU.ActiveCfg = Debug|Any CPU
		{67524C99-D044-4DD3-ABDC-6F94DB5E984A}.Debug|Any CPU.Build.0 = Debug|Any CPU
		{67524C99-D044-4DD3-ABDC-6F94DB5E984A}.Release|Any CPU.ActiveCfg = Release|Any CPU
		{67524C99-D044-4DD3-ABDC-6F94DB5E984A}.Release|Any CPU.Build.0 = Release|Any CPU
		{8E93C4D5-2E2A-49D2-BBF3-726BEA995382}.Debug|Any CPU.ActiveCfg = Debug|Any CPU
		{8E93C4D5-2E2A-49D2-BBF3-726BEA995382}.Debug|Any CPU.Build.0 = Debug|Any CPU
		{8E93C4D5-2E2A-49D2-BBF3-726BEA995382}.Release|Any CPU.ActiveCfg = Release|Any CPU
		{8E93C4D5-2E2A-49D2-BBF3-726BEA995382}.Release|Any CPU.Build.0 = Release|Any CPU
		{E2943FCD-A4EB-4B35-84AB-D4282AC50F41}.Debug|Any CPU.ActiveCfg = Debug|Any CPU
		{E2943FCD-A4EB-4B35-84AB-D4282AC50F41}.Debug|Any CPU.Build.0 = Debug|Any CPU
		{E2943FCD-A4EB-4B35-84AB-D4282AC50F41}.Release|Any CPU.ActiveCfg = Release|Any CPU
		{E2943FCD-A4EB-4B35-84AB-D4282AC50F41}.Release|Any CPU.Build.0 = Release|Any CPU
		{7EBFF26D-37D6-4B34-BB44-BDC273768F9C}.Debug|Any CPU.ActiveCfg = Debug|Any CPU
		{7EBFF26D-37D6-4B34-BB44-BDC273768F9C}.Debug|Any CPU.Build.0 = Debug|Any CPU
		{7EBFF26D-37D6-4B34-BB44-BDC273768F9C}.Release|Any CPU.ActiveCfg = Release|Any CPU
		{7EBFF26D-37D6-4B34-BB44-BDC273768F9C}.Release|Any CPU.Build.0 = Release|Any CPU
		{30434807-F5A6-4614-837D-E04287EBB0E6}.Debug|Any CPU.ActiveCfg = Debug|Any CPU
		{30434807-F5A6-4614-837D-E04287EBB0E6}.Debug|Any CPU.Build.0 = Debug|Any CPU
		{30434807-F5A6-4614-837D-E04287EBB0E6}.Release|Any CPU.ActiveCfg = Release|Any CPU
		{30434807-F5A6-4614-837D-E04287EBB0E6}.Release|Any CPU.Build.0 = Release|Any CPU
		{0FEA8272-B94A-4DC7-8463-E14555543393}.Debug|Any CPU.ActiveCfg = Debug|Any CPU
		{0FEA8272-B94A-4DC7-8463-E14555543393}.Debug|Any CPU.Build.0 = Debug|Any CPU
		{0FEA8272-B94A-4DC7-8463-E14555543393}.Release|Any CPU.ActiveCfg = Release|Any CPU
		{0FEA8272-B94A-4DC7-8463-E14555543393}.Release|Any CPU.Build.0 = Release|Any CPU
		{8D8F52C9-1685-49FE-B9A9-C4ACC50FC03B}.Debug|Any CPU.ActiveCfg = Debug|Any CPU
		{8D8F52C9-1685-49FE-B9A9-C4ACC50FC03B}.Debug|Any CPU.Build.0 = Debug|Any CPU
		{8D8F52C9-1685-49FE-B9A9-C4ACC50FC03B}.Release|Any CPU.ActiveCfg = Release|Any CPU
		{8D8F52C9-1685-49FE-B9A9-C4ACC50FC03B}.Release|Any CPU.Build.0 = Release|Any CPU
		{76A0657B-71CC-43D6-9AFB-82D01F3540B3}.Debug|Any CPU.ActiveCfg = Debug|Any CPU
		{76A0657B-71CC-43D6-9AFB-82D01F3540B3}.Debug|Any CPU.Build.0 = Debug|Any CPU
		{76A0657B-71CC-43D6-9AFB-82D01F3540B3}.Release|Any CPU.ActiveCfg = Release|Any CPU
		{76A0657B-71CC-43D6-9AFB-82D01F3540B3}.Release|Any CPU.Build.0 = Release|Any CPU
		{B3627169-66A6-460B-896F-07C0971FECC7}.Debug|Any CPU.ActiveCfg = Debug|Any CPU
		{B3627169-66A6-460B-896F-07C0971FECC7}.Debug|Any CPU.Build.0 = Debug|Any CPU
		{B3627169-66A6-460B-896F-07C0971FECC7}.Release|Any CPU.ActiveCfg = Release|Any CPU
		{B3627169-66A6-460B-896F-07C0971FECC7}.Release|Any CPU.Build.0 = Release|Any CPU
		{16C6572D-8A0C-4654-B846-8D45870A60C2}.Debug|Any CPU.ActiveCfg = Debug|Any CPU
		{16C6572D-8A0C-4654-B846-8D45870A60C2}.Debug|Any CPU.Build.0 = Debug|Any CPU
		{16C6572D-8A0C-4654-B846-8D45870A60C2}.Release|Any CPU.ActiveCfg = Release|Any CPU
		{16C6572D-8A0C-4654-B846-8D45870A60C2}.Release|Any CPU.Build.0 = Release|Any CPU
		{B0F2272B-88A9-4585-A87C-E729DE76AF47}.Debug|Any CPU.ActiveCfg = Debug|Any CPU
		{B0F2272B-88A9-4585-A87C-E729DE76AF47}.Debug|Any CPU.Build.0 = Debug|Any CPU
		{B0F2272B-88A9-4585-A87C-E729DE76AF47}.Release|Any CPU.ActiveCfg = Release|Any CPU
		{B0F2272B-88A9-4585-A87C-E729DE76AF47}.Release|Any CPU.Build.0 = Release|Any CPU
		{76525BFF-55B4-4FA0-8607-C110F0C401F8}.Debug|Any CPU.ActiveCfg = Debug|Any CPU
		{76525BFF-55B4-4FA0-8607-C110F0C401F8}.Debug|Any CPU.Build.0 = Debug|Any CPU
		{76525BFF-55B4-4FA0-8607-C110F0C401F8}.Release|Any CPU.ActiveCfg = Release|Any CPU
		{76525BFF-55B4-4FA0-8607-C110F0C401F8}.Release|Any CPU.Build.0 = Release|Any CPU
		{D8AE61E1-AF68-4373-A165-32A5E3500F15}.Debug|Any CPU.ActiveCfg = Debug|Any CPU
		{D8AE61E1-AF68-4373-A165-32A5E3500F15}.Debug|Any CPU.Build.0 = Debug|Any CPU
		{D8AE61E1-AF68-4373-A165-32A5E3500F15}.Release|Any CPU.ActiveCfg = Release|Any CPU
		{D8AE61E1-AF68-4373-A165-32A5E3500F15}.Release|Any CPU.Build.0 = Release|Any CPU
		{1D35D0F3-FC27-4F16-A6BF-CA72826FC492}.Debug|Any CPU.ActiveCfg = Debug|Any CPU
		{1D35D0F3-FC27-4F16-A6BF-CA72826FC492}.Debug|Any CPU.Build.0 = Debug|Any CPU
		{1D35D0F3-FC27-4F16-A6BF-CA72826FC492}.Release|Any CPU.ActiveCfg = Release|Any CPU
		{1D35D0F3-FC27-4F16-A6BF-CA72826FC492}.Release|Any CPU.Build.0 = Release|Any CPU
		{F548F554-6D94-415E-BE7A-E81234EB1241}.Debug|Any CPU.ActiveCfg = Debug|Any CPU
		{F548F554-6D94-415E-BE7A-E81234EB1241}.Debug|Any CPU.Build.0 = Debug|Any CPU
		{F548F554-6D94-415E-BE7A-E81234EB1241}.Release|Any CPU.ActiveCfg = Release|Any CPU
		{F548F554-6D94-415E-BE7A-E81234EB1241}.Release|Any CPU.Build.0 = Release|Any CPU
		{A6BDBADE-F910-48B6-96DA-BD3FB3335555}.Debug|Any CPU.ActiveCfg = Debug|Any CPU
		{A6BDBADE-F910-48B6-96DA-BD3FB3335555}.Debug|Any CPU.Build.0 = Debug|Any CPU
		{A6BDBADE-F910-48B6-96DA-BD3FB3335555}.Release|Any CPU.ActiveCfg = Release|Any CPU
		{A6BDBADE-F910-48B6-96DA-BD3FB3335555}.Release|Any CPU.Build.0 = Release|Any CPU
	EndGlobalSection
	GlobalSection(SolutionProperties) = preSolution
		HideSolutionNode = FALSE
	EndGlobalSection
	GlobalSection(NestedProjects) = preSolution
		{32F38F68-5622-4984-9B13-D7C1A1FA2222} = {AE67689A-1769-420E-8C70-E3770180B45B}
		{1B50164C-DB00-4109-A0D4-E2868ABFEDAF} = {AE67689A-1769-420E-8C70-E3770180B45B}
		{3F97AD7C-9295-45B8-8FBA-E2B5D83BCFBF} = {AE67689A-1769-420E-8C70-E3770180B45B}
		{3839EE9C-F0C8-471A-8F81-DE9B9E24AAF0} = {AE67689A-1769-420E-8C70-E3770180B45B}
		{7EF640E7-7E31-4387-ACBE-C914C5FFBC04} = {AE67689A-1769-420E-8C70-E3770180B45B}
		{67BDC800-084C-4F84-8A80-661B5AFE499A} = {AE67689A-1769-420E-8C70-E3770180B45B}
		{8E93C4D5-2E2A-49D2-BBF3-726BEA995382} = {095D6F48-B623-4ED1-B69D-F7E6433E0AF3}
		{E2943FCD-A4EB-4B35-84AB-D4282AC50F41} = {095D6F48-B623-4ED1-B69D-F7E6433E0AF3}
		{30434807-F5A6-4614-837D-E04287EBB0E6} = {AE67689A-1769-420E-8C70-E3770180B45B}
		{0FEA8272-B94A-4DC7-8463-E14555543393} = {37E7B4DE-1D60-4F21-9D3E-311FEEEC9355}
		{8D8F52C9-1685-49FE-B9A9-C4ACC50FC03B} = {37E7B4DE-1D60-4F21-9D3E-311FEEEC9355}
		{76A0657B-71CC-43D6-9AFB-82D01F3540B3} = {37E7B4DE-1D60-4F21-9D3E-311FEEEC9355}
		{B3627169-66A6-460B-896F-07C0971FECC7} = {E7988271-CF20-4894-954F-0A2B21F5D6A4}
		{16C6572D-8A0C-4654-B846-8D45870A60C2} = {E7988271-CF20-4894-954F-0A2B21F5D6A4}
		{B0F2272B-88A9-4585-A87C-E729DE76AF47} = {E7988271-CF20-4894-954F-0A2B21F5D6A4}
		{67572BDE-4B1C-4540-BAB4-332658449397} = {AE67689A-1769-420E-8C70-E3770180B45B}
		{76525BFF-55B4-4FA0-8607-C110F0C401F8} = {67572BDE-4B1C-4540-BAB4-332658449397}
		{D8AE61E1-AF68-4373-A165-32A5E3500F15} = {67572BDE-4B1C-4540-BAB4-332658449397}
		{1D35D0F3-FC27-4F16-A6BF-CA72826FC492} = {67572BDE-4B1C-4540-BAB4-332658449397}
		{F548F554-6D94-415E-BE7A-E81234EB1241} = {67572BDE-4B1C-4540-BAB4-332658449397}
		{A6BDBADE-F910-48B6-96DA-BD3FB3335555} = {67572BDE-4B1C-4540-BAB4-332658449397}
	EndGlobalSection
	GlobalSection(ExtensibilityGlobals) = postSolution
		SolutionGuid = {C36005FD-A283-40EB-B500-35AA7C376872}
	EndGlobalSection
EndGlobal
